
Microsoft Visual Studio Solution File, Format Version 12.00
# Visual Studio Version 17
VisualStudioVersion = 17.3.32929.385
MinimumVisualStudioVersion = 10.0.40219.1
Project("{FAE04EC0-301F-11D3-BF4B-00C04F79EFBC}") = "WebApiPractice", "WebApiPractice\WebApiPractice.csproj", "{C591663A-77B7-462E-AB6F-819B876CA333}"
EndProject
Global
	GlobalSection(SolutionConfigurationPlatforms) = preSolution
		Debug|Any CPU = Debug|Any CPU
		Release|Any CPU = Release|Any CPU
	EndGlobalSection
	GlobalSection(ProjectConfigurationPlatforms) = postSolution
		{C591663A-77B7-462E-AB6F-819B876CA333}.Debug|Any CPU.ActiveCfg = Debug|Any CPU
		{C591663A-77B7-462E-AB6F-819B876CA333}.Debug|Any CPU.Build.0 = Debug|Any CPU
		{C591663A-77B7-462E-AB6F-819B876CA333}.Release|Any CPU.ActiveCfg = Release|Any CPU
		{C591663A-77B7-462E-AB6F-819B876CA333}.Release|Any CPU.Build.0 = Release|Any CPU
	EndGlobalSection
	GlobalSection(SolutionProperties) = preSolution
		HideSolutionNode = FALSE
	EndGlobalSection
	GlobalSection(ExtensibilityGlobals) = postSolution
		SolutionGuid = {DF770BE0-07A0-4156-AF3B-6F6842D71DA1}
	EndGlobalSection
EndGlobal
